
Microsoft Visual Studio Solution File, Format Version 12.00
# Visual Studio Version 17
VisualStudioVersion = 17.10.35122.118
MinimumVisualStudioVersion = 10.0.40219.1
Project("{FAE04EC0-301F-11D3-BF4B-00C04F79EFBC}") = "HttpReq.Indicator.Server", "HttpReq.Indicator.Server\HttpReq.Indicator.Server.csproj", "{4EB04E90-17B9-4104-837B-4F1C14054083}"
EndProject
Global
	GlobalSection(SolutionConfigurationPlatforms) = preSolution
		Debug|Any CPU = Debug|Any CPU
		Release|Any CPU = Release|Any CPU
	EndGlobalSection
	GlobalSection(ProjectConfigurationPlatforms) = postSolution
		{4EB04E90-17B9-4104-837B-4F1C14054083}.Debug|Any CPU.ActiveCfg = Debug|Any CPU
		{4EB04E90-17B9-4104-837B-4F1C14054083}.Debug|Any CPU.Build.0 = Debug|Any CPU
		{4EB04E90-17B9-4104-837B-4F1C14054083}.Release|Any CPU.ActiveCfg = Release|Any CPU
		{4EB04E90-17B9-4104-837B-4F1C14054083}.Release|Any CPU.Build.0 = Release|Any CPU
	EndGlobalSection
	GlobalSection(SolutionProperties) = preSolution
		HideSolutionNode = FALSE
	EndGlobalSection
	GlobalSection(ExtensibilityGlobals) = postSolution
		SolutionGuid = {7EFC9093-FFF5-49DC-B09A-45AE2A7577F3}
	EndGlobalSection
EndGlobal
